# This file is automatically @generated by Cargo.
# It is not intended for manual editing.
version = 4

[[package]]
name = "qtv-constitution"
version = "0.1.0"

[[package]]
name = "qtv-conviction"
version = "0.1.0"

[[package]]
name = "qtv-tally"
version = "0.1.0"

[[package]]
name = "qtv-tracks"
version = "0.1.0"
